# THIS IS AN AUTOGENERATED FILE. DO NOT EDIT THIS FILE DIRECTLY.
# yarn lockfile v1


"@octokit/rest@^15.9.5":
  version "15.18.3"
  resolved "http://edge.artifactory.corp.yahoo.co.jp:8000/artifactory/api/npm/apj-npm/@octokit/rest/-/rest-15.18.3.tgz#ff4ecbb784ca286c40cc1d568abceda6d99b36fc"
  integrity sha1-/07Lt4TKKGxAzB1WirztptmbNvw=
  dependencies:
    before-after-hook "^1.1.0"
    btoa-lite "^1.0.0"
    debug "^3.1.0"
    http-proxy-agent "^2.1.0"
    https-proxy-agent "^2.2.0"
    lodash "^4.17.4"
    node-fetch "^2.1.1"
    universal-user-agent "^2.0.0"
    url-template "^2.0.8"

agent-base@4, agent-base@^4.3.0:
  version "4.3.0"
  resolved "http://edge.artifactory.corp.yahoo.co.jp:8000/artifactory/api/npm/apj-npm/agent-base/-/agent-base-4.3.0.tgz#8165f01c436009bccad0b1d122f05ed770efc6ee"
  integrity sha1-gWXwHENgCbzK0LHRIvBe13Dvxu4=
  dependencies:
    es6-promisify "^5.0.0"

ansi-regex@^2.0.0:
  version "2.1.1"
  resolved "http://edge.artifactory.corp.yahoo.co.jp:8000/artifactory/api/npm/apj-npm/ansi-regex/-/ansi-regex-2.1.1.tgz#c3b33ab5ee360d86e0e628f0468ae7ef27d654df"
  integrity sha1-w7M6te42DYbg5ijwRorn7yfWVN8=

ansi-regex@^3.0.0:
  version "3.0.0"
  resolved "http://edge.artifactory.corp.yahoo.co.jp:8000/artifactory/api/npm/apj-npm/ansi-regex/-/ansi-regex-3.0.0.tgz#ed0317c322064f79466c02966bddb605ab37d998"
  integrity sha1-7QMXwyIGT3lGbAKWa922Bas32Zg=

ansi-styles@^3.2.1:
  version "3.2.1"
  resolved "http://edge.artifactory.corp.yahoo.co.jp:8000/artifactory/api/npm/apj-npm/ansi-styles/-/ansi-styles-3.2.1.tgz#41fbb20243e50b12be0f04b8dedbf07520ce841d"
  integrity sha1-QfuyAkPlCxK+DwS43tvwdSDOhB0=
  dependencies:
    color-convert "^1.9.0"

babel-polyfill@^6.23.0:
  version "6.26.0"
  resolved "http://edge.artifactory.corp.yahoo.co.jp:8000/artifactory/api/npm/apj-npm/babel-polyfill/-/babel-polyfill-6.26.0.tgz#379937abc67d7895970adc621f284cd966cf2153"
  integrity sha1-N5k3q8Z9eJWXCtxiHyhM2WbPIVM=
  dependencies:
    babel-runtime "^6.26.0"
    core-js "^2.5.0"
    regenerator-runtime "^0.10.5"

babel-runtime@^6.26.0:
  version "6.26.0"
  resolved "http://edge.artifactory.corp.yahoo.co.jp:8000/artifactory/api/npm/apj-npm/babel-runtime/-/babel-runtime-6.26.0.tgz#965c7058668e82b55d7bfe04ff2337bc8b5647fe"
  integrity sha1-llxwWGaOgrVde/4E/yM3vItWR/4=
  dependencies:
    core-js "^2.4.0"
    regenerator-runtime "^0.11.0"

before-after-hook@^1.1.0:
  version "1.4.0"
  resolved "http://edge.artifactory.corp.yahoo.co.jp:8000/artifactory/api/npm/apj-npm/before-after-hook/-/before-after-hook-1.4.0.tgz#2b6bf23dca4f32e628fd2747c10a37c74a4b484d"
  integrity sha1-K2vyPcpPMuYo/SdHwQo3x0pLSE0=

btoa-lite@^1.0.0:
  version "1.0.0"
  resolved "http://edge.artifactory.corp.yahoo.co.jp:8000/artifactory/api/npm/apj-npm/btoa-lite/-/btoa-lite-1.0.0.tgz#337766da15801210fdd956c22e9c6891ab9d0337"
  integrity sha1-M3dm2hWAEhD92VbCLpxokaudAzc=

buffer-equal-constant-time@1.0.1:
  version "1.0.1"
  resolved "http://edge.artifactory.corp.yahoo.co.jp:8000/artifactory/api/npm/apj-npm/buffer-equal-constant-time/-/buffer-equal-constant-time-1.0.1.tgz#f8e71132f7ffe6e01a5c9697a4c6f3e48d5cc819"
  integrity sha1-+OcRMvf/5uAaXJaXpMbz5I1cyBk=

camelcase@^4.1.0:
  version "4.1.0"
  resolved "http://edge.artifactory.corp.yahoo.co.jp:8000/artifactory/api/npm/apj-npm/camelcase/-/camelcase-4.1.0.tgz#d545635be1e33c542649c69173e5de6acfae34dd"
  integrity sha1-1UVjW+HjPFQmScaRc+Xeas+uNN0=

chalk@^2.3.0:
  version "2.4.2"
  resolved "http://edge.artifactory.corp.yahoo.co.jp:8000/artifactory/api/npm/apj-npm/chalk/-/chalk-2.4.2.tgz#cd42541677a54333cf541a49108c1432b44c9424"
  integrity sha1-zUJUFnelQzPPVBpJEIwUMrRMlCQ=
  dependencies:
    ansi-styles "^3.2.1"
    escape-string-regexp "^1.0.5"
    supports-color "^5.3.0"

cliui@^4.0.0:
  version "4.1.0"
  resolved "http://edge.artifactory.corp.yahoo.co.jp:8000/artifactory/api/npm/apj-npm/cliui/-/cliui-4.1.0.tgz#348422dbe82d800b3022eef4f6ac10bf2e4d1b49"
  integrity sha1-NIQi2+gtgAswIu709qwQvy5NG0k=
  dependencies:
    string-width "^2.1.1"
    strip-ansi "^4.0.0"
    wrap-ansi "^2.0.0"

code-point-at@^1.0.0:
  version "1.1.0"
  resolved "http://edge.artifactory.corp.yahoo.co.jp:8000/artifactory/api/npm/apj-npm/code-point-at/-/code-point-at-1.1.0.tgz#0d070b4d043a5bea33a2f1a40e2edb3d9a4ccf77"
  integrity sha1-DQcLTQQ6W+ozovGkDi7bPZpMz3c=

color-convert@^1.9.0:
  version "1.9.3"
  resolved "http://edge.artifactory.corp.yahoo.co.jp:8000/artifactory/api/npm/apj-npm/color-convert/-/color-convert-1.9.3.tgz#bb71850690e1f136567de629d2d5471deda4c1e8"
  integrity sha1-u3GFBpDh8TZWfeYp0tVHHe2kweg=
  dependencies:
    color-name "1.1.3"

color-name@1.1.3:
  version "1.1.3"
  resolved "http://edge.artifactory.corp.yahoo.co.jp:8000/artifactory/api/npm/apj-npm/color-name/-/color-name-1.1.3.tgz#a7d0558bd89c42f795dd42328f740831ca53bc25"
  integrity sha1-p9BVi9icQveV3UIyj3QIMcpTvCU=

commander@^2.13.0:
  version "2.20.3"
  resolved "http://edge.artifactory.corp.yahoo.co.jp:8000/artifactory/api/npm/apj-npm/commander/-/commander-2.20.3.tgz#fd485e84c03eb4881c20722ba48035e8531aeb33"
  integrity sha1-/UhehMA+tIgcIHIrpIA16FMa6zM=

core-js@^2.4.0, core-js@^2.5.0:
  version "2.6.10"
  resolved "http://edge.artifactory.corp.yahoo.co.jp:8000/artifactory/api/npm/apj-npm/core-js/-/core-js-2.6.10.tgz#8a5b8391f8cc7013da703411ce5b585706300d7f"
  integrity sha1-iluDkfjMcBPacDQRzltYVwYwDX8=

cross-spawn@^6.0.0:
  version "6.0.5"
  resolved "http://edge.artifactory.corp.yahoo.co.jp:8000/artifactory/api/npm/apj-npm/cross-spawn/-/cross-spawn-6.0.5.tgz#4a5ec7c64dfae22c3a14124dbacdee846d80cbc4"
  integrity sha1-Sl7Hxk364iw6FBJNus3uhG2Ay8Q=
  dependencies:
    nice-try "^1.0.4"
    path-key "^2.0.1"
    semver "^5.5.0"
    shebang-command "^1.2.0"
    which "^1.2.9"

danger@^3.1.7:
  version "3.9.0"
  resolved "http://edge.artifactory.corp.yahoo.co.jp:8000/artifactory/api/npm/apj-npm/danger/-/danger-3.9.0.tgz#41e6257fcfd4b92dcde16a47c96f5731931b5108"
  integrity sha1-QeYlf8/UuS3N4WpHyW9XMZMbUQg=
  dependencies:
    "@octokit/rest" "^15.9.5"
    babel-polyfill "^6.23.0"
    chalk "^2.3.0"
    commander "^2.13.0"
    debug "^3.1.0"
    get-stdin "^6.0.0"
    https-proxy-agent "^2.2.1"
    hyperlinker "^1.0.0"
    jsome "^2.3.25"
    json5 "^1.0.0"
    jsonpointer "^4.0.1"
    jsonwebtoken "^8.2.1"
    lodash.find "^4.6.0"
    lodash.includes "^4.3.0"
    lodash.isobject "^3.0.2"
    lodash.keys "^4.0.8"
    node-cleanup "^2.1.2"
    node-fetch "^2.1.2"
    p-limit "^1.2.0"
    parse-diff "^0.4.2"
    parse-git-config "^2.0.2"
    parse-github-url "^1.0.2"
    parse-link-header "^1.0.1"
    pinpoint "^1.1.0"
    readline-sync "^1.4.9"
    require-from-string "^2.0.2"
    rfc6902 "^2.2.2"
    supports-hyperlinks "^1.0.1"
    vm2 "^3.6.0"
    voca "^1.4.0"

debug@3.1.0:
  version "3.1.0"
  resolved "http://edge.artifactory.corp.yahoo.co.jp:8000/artifactory/api/npm/apj-npm/debug/-/debug-3.1.0.tgz#5bb5a0672628b64149566ba16819e61518c67261"
  integrity sha1-W7WgZyYotkFJVmuhaBnmFRjGcmE=
  dependencies:
    ms "2.0.0"

debug@^3.1.0:
  version "3.2.6"
  resolved "http://edge.artifactory.corp.yahoo.co.jp:8000/artifactory/api/npm/apj-npm/debug/-/debug-3.2.6.tgz#e83d17de16d8a7efb7717edbe5fb10135eee629b"
  integrity sha1-6D0X3hbYp++3cX7b5fsQE17uYps=
  dependencies:
    ms "^2.1.1"

decamelize@^1.1.1:
  version "1.2.0"
  resolved "http://edge.artifactory.corp.yahoo.co.jp:8000/artifactory/api/npm/apj-npm/decamelize/-/decamelize-1.2.0.tgz#f6534d15148269b20352e7bee26f501f9a191290"
  integrity sha1-9lNNFRSCabIDUue+4m9QH5oZEpA=

ecdsa-sig-formatter@1.0.11:
  version "1.0.11"
  resolved "http://edge.artifactory.corp.yahoo.co.jp:8000/artifactory/api/npm/apj-npm/ecdsa-sig-formatter/-/ecdsa-sig-formatter-1.0.11.tgz#ae0f0fa2d85045ef14a817daa3ce9acd0489e5bf"
  integrity sha1-rg8PothQRe8UqBfao86azQSJ5b8=
  dependencies:
    safe-buffer "^5.0.1"

end-of-stream@^1.1.0:
  version "1.4.4"
  resolved "http://edge.artifactory.corp.yahoo.co.jp:8000/artifactory/api/npm/apj-npm/end-of-stream/-/end-of-stream-1.4.4.tgz#5ae64a5f45057baf3626ec14da0ca5e4b2431eb0"
  integrity sha1-WuZKX0UFe682JuwU2gyl5LJDHrA=
  dependencies:
    once "^1.4.0"

es6-promise@^4.0.3:
  version "4.2.8"
  resolved "http://edge.artifactory.corp.yahoo.co.jp:8000/artifactory/api/npm/apj-npm/es6-promise/-/es6-promise-4.2.8.tgz#4eb21594c972bc40553d276e510539143db53e0a"
  integrity sha1-TrIVlMlyvEBVPSduUQU5FD21Pgo=

es6-promisify@^5.0.0:
  version "5.0.0"
  resolved "http://edge.artifactory.corp.yahoo.co.jp:8000/artifactory/api/npm/apj-npm/es6-promisify/-/es6-promisify-5.0.0.tgz#5109d62f3e56ea967c4b63505aef08291c8a5203"
  integrity sha1-UQnWLz5W6pZ8S2NQWu8IKRyKUgM=
  dependencies:
    es6-promise "^4.0.3"

escape-string-regexp@^1.0.5:
  version "1.0.5"
  resolved "http://edge.artifactory.corp.yahoo.co.jp:8000/artifactory/api/npm/apj-npm/escape-string-regexp/-/escape-string-regexp-1.0.5.tgz#1b61c0562190a8dff6ae3bb2cf0200ca130b86d4"
  integrity sha1-G2HAViGQqN/2rjuyzwIAyhMLhtQ=

execa@^1.0.0:
  version "1.0.0"
  resolved "http://edge.artifactory.corp.yahoo.co.jp:8000/artifactory/api/npm/apj-npm/execa/-/execa-1.0.0.tgz#c6236a5bb4df6d6f15e88e7f017798216749ddd8"
  integrity sha1-xiNqW7TfbW8V6I5/AXeYIWdJ3dg=
  dependencies:
    cross-spawn "^6.0.0"
    get-stream "^4.0.0"
    is-stream "^1.1.0"
    npm-run-path "^2.0.0"
    p-finally "^1.0.0"
    signal-exit "^3.0.0"
    strip-eof "^1.0.0"

expand-tilde@^2.0.2:
  version "2.0.2"
  resolved "http://edge.artifactory.corp.yahoo.co.jp:8000/artifactory/api/npm/apj-npm/expand-tilde/-/expand-tilde-2.0.2.tgz#97e801aa052df02454de46b02bf621642cdc8502"
  integrity sha1-l+gBqgUt8CRU3kawK/YhZCzchQI=
  dependencies:
    homedir-polyfill "^1.0.1"

extend-shallow@^2.0.1:
  version "2.0.1"
  resolved "http://edge.artifactory.corp.yahoo.co.jp:8000/artifactory/api/npm/apj-npm/extend-shallow/-/extend-shallow-2.0.1.tgz#51af7d614ad9a9f610ea1bafbb989d6b1c56890f"
  integrity sha1-Ua99YUrZqfYQ6huvu5idaxxWiQ8=
  dependencies:
    is-extendable "^0.1.0"

find-up@^2.1.0:
  version "2.1.0"
  resolved "http://edge.artifactory.corp.yahoo.co.jp:8000/artifactory/api/npm/apj-npm/find-up/-/find-up-2.1.0.tgz#45d1b7e506c717ddd482775a2b77920a3c0c57a7"
  integrity sha1-RdG35QbHF93UgndaK3eSCjwMV6c=
  dependencies:
    locate-path "^2.0.0"

fs-exists-sync@^0.1.0:
  version "0.1.0"
  resolved "http://edge.artifactory.corp.yahoo.co.jp:8000/artifactory/api/npm/apj-npm/fs-exists-sync/-/fs-exists-sync-0.1.0.tgz#982d6893af918e72d08dec9e8673ff2b5a8d6add"
  integrity sha1-mC1ok6+RjnLQjeyehnP/K1qNat0=

get-caller-file@^1.0.1:
  version "1.0.3"
  resolved "http://edge.artifactory.corp.yahoo.co.jp:8000/artifactory/api/npm/apj-npm/get-caller-file/-/get-caller-file-1.0.3.tgz#f978fa4c90d1dfe7ff2d6beda2a515e713bdcf4a"
  integrity sha1-+Xj6TJDR3+f/LWvtoqUV5xO9z0o=

get-stdin@^6.0.0:
  version "6.0.0"
  resolved "http://edge.artifactory.corp.yahoo.co.jp:8000/artifactory/api/npm/apj-npm/get-stdin/-/get-stdin-6.0.0.tgz#9e09bf712b360ab9225e812048f71fde9c89657b"
  integrity sha1-ngm/cSs2CrkiXoEgSPcf3pyJZXs=

get-stream@^4.0.0:
  version "4.1.0"
  resolved "http://edge.artifactory.corp.yahoo.co.jp:8000/artifactory/api/npm/apj-npm/get-stream/-/get-stream-4.1.0.tgz#c1b255575f3dc21d59bfc79cd3d2b46b1c3a54b5"
  integrity sha1-wbJVV189wh1Zv8ec09K0axw6VLU=
  dependencies:
    pump "^3.0.0"

git-config-path@^1.0.1:
  version "1.0.1"
  resolved "http://edge.artifactory.corp.yahoo.co.jp:8000/artifactory/api/npm/apj-npm/git-config-path/-/git-config-path-1.0.1.tgz#6d33f7ed63db0d0e118131503bab3aca47d54664"
  integrity sha1-bTP37WPbDQ4RgTFQO6s6ykfVRmQ=
  dependencies:
    extend-shallow "^2.0.1"
    fs-exists-sync "^0.1.0"
    homedir-polyfill "^1.0.0"

has-flag@^2.0.0:
  version "2.0.0"
  resolved "http://edge.artifactory.corp.yahoo.co.jp:8000/artifactory/api/npm/apj-npm/has-flag/-/has-flag-2.0.0.tgz#e8207af1cc7b30d446cc70b734b5e8be18f88d51"
  integrity sha1-6CB68cx7MNRGzHC3NLXovhj4jVE=

has-flag@^3.0.0:
  version "3.0.0"
  resolved "http://edge.artifactory.corp.yahoo.co.jp:8000/artifactory/api/npm/apj-npm/has-flag/-/has-flag-3.0.0.tgz#b5d454dc2199ae225699f3467e5a07f3b955bafd"
  integrity sha1-tdRU3CGZriJWmfNGfloH87lVuv0=

homedir-polyfill@^1.0.0, homedir-polyfill@^1.0.1:
  version "1.0.3"
  resolved "http://edge.artifactory.corp.yahoo.co.jp:8000/artifactory/api/npm/apj-npm/homedir-polyfill/-/homedir-polyfill-1.0.3.tgz#743298cef4e5af3e194161fbadcc2151d3a058e8"
  integrity sha1-dDKYzvTlrz4ZQWH7rcwhUdOgWOg=
  dependencies:
    parse-passwd "^1.0.0"

http-proxy-agent@^2.1.0:
  version "2.1.0"
  resolved "http://edge.artifactory.corp.yahoo.co.jp:8000/artifactory/api/npm/apj-npm/http-proxy-agent/-/http-proxy-agent-2.1.0.tgz#e4821beef5b2142a2026bd73926fe537631c5405"
  integrity sha1-5IIb7vWyFCogJr1zkm/lN2McVAU=
  dependencies:
    agent-base "4"
    debug "3.1.0"

https-proxy-agent@^2.2.0, https-proxy-agent@^2.2.1:
  version "2.2.3"
  resolved "http://edge.artifactory.corp.yahoo.co.jp:8000/artifactory/api/npm/apj-npm/https-proxy-agent/-/https-proxy-agent-2.2.3.tgz#fb6cd98ed5b9c35056b5a73cd01a8a721d7193d1"
  integrity sha1-+2zZjtW5w1BWtac80BqKch1xk9E=
  dependencies:
    agent-base "^4.3.0"
    debug "^3.1.0"

hyperlinker@^1.0.0:
  version "1.0.0"
  resolved "http://edge.artifactory.corp.yahoo.co.jp:8000/artifactory/api/npm/apj-npm/hyperlinker/-/hyperlinker-1.0.0.tgz#23dc9e38a206b208ee49bc2d6c8ef47027df0c0e"
  integrity sha1-I9yeOKIGsgjuSbwtbI70cCffDA4=

ini@^1.3.5:
  version "1.3.5"
  resolved "http://edge.artifactory.corp.yahoo.co.jp:8000/artifactory/api/npm/apj-npm/ini/-/ini-1.3.5.tgz#eee25f56db1c9ec6085e0c22778083f596abf927"
  integrity sha1-7uJfVtscnsYIXgwid4CD9Zar+Sc=

invert-kv@^2.0.0:
  version "2.0.0"
  resolved "http://edge.artifactory.corp.yahoo.co.jp:8000/artifactory/api/npm/apj-npm/invert-kv/-/invert-kv-2.0.0.tgz#7393f5afa59ec9ff5f67a27620d11c226e3eec02"
  integrity sha1-c5P1r6Weyf9fZ6J2INEcIm4+7AI=

is-extendable@^0.1.0:
  version "0.1.1"
  resolved "http://edge.artifactory.corp.yahoo.co.jp:8000/artifactory/api/npm/apj-npm/is-extendable/-/is-extendable-0.1.1.tgz#62b110e289a471418e3ec36a617d472e301dfc89"
  integrity sha1-YrEQ4omkcUGOPsNqYX1HLjAd/Ik=

is-fullwidth-code-point@^1.0.0:
  version "1.0.0"
  resolved "http://edge.artifactory.corp.yahoo.co.jp:8000/artifactory/api/npm/apj-npm/is-fullwidth-code-point/-/is-fullwidth-code-point-1.0.0.tgz#ef9e31386f031a7f0d643af82fde50c457ef00cb"
  integrity sha1-754xOG8DGn8NZDr4L95QxFfvAMs=
  dependencies:
    number-is-nan "^1.0.0"

is-fullwidth-code-point@^2.0.0:
  version "2.0.0"
  resolved "http://edge.artifactory.corp.yahoo.co.jp:8000/artifactory/api/npm/apj-npm/is-fullwidth-code-point/-/is-fullwidth-code-point-2.0.0.tgz#a3b30a5c4f199183167aaab93beefae3ddfb654f"
  integrity sha1-o7MKXE8ZkYMWeqq5O+764937ZU8=

is-stream@^1.1.0:
  version "1.1.0"
  resolved "http://edge.artifactory.corp.yahoo.co.jp:8000/artifactory/api/npm/apj-npm/is-stream/-/is-stream-1.1.0.tgz#12d4a3dd4e68e0b79ceb8dbc84173ae80d91ca44"
  integrity sha1-EtSj3U5o4Lec6428hBc66A2RykQ=

isexe@^2.0.0:
  version "2.0.0"
  resolved "http://edge.artifactory.corp.yahoo.co.jp:8000/artifactory/api/npm/apj-npm/isexe/-/isexe-2.0.0.tgz#e8fbf374dc556ff8947a10dcb0572d633f2cfa10"
  integrity sha1-6PvzdNxVb/iUehDcsFctYz8s+hA=

jsome@^2.3.25:
  version "2.5.0"
  resolved "http://edge.artifactory.corp.yahoo.co.jp:8000/artifactory/api/npm/apj-npm/jsome/-/jsome-2.5.0.tgz#5e417eef4341ffeb83ee8bfa9265b36d56fe49ed"
  integrity sha1-XkF+70NB/+uD7ov6kmWzbVb+Se0=
  dependencies:
    chalk "^2.3.0"
    json-stringify-safe "^5.0.1"
    yargs "^11.0.0"

json-stringify-safe@^5.0.1:
  version "5.0.1"
  resolved "http://edge.artifactory.corp.yahoo.co.jp:8000/artifactory/api/npm/apj-npm/json-stringify-safe/-/json-stringify-safe-5.0.1.tgz#1296a2d58fd45f19a0f6ce01d65701e2c735b6eb"
  integrity sha1-Epai1Y/UXxmg9s4B1lcB4sc1tus=

json5@^1.0.0:
  version "1.0.1"
  resolved "http://edge.artifactory.corp.yahoo.co.jp:8000/artifactory/api/npm/apj-npm/json5/-/json5-1.0.1.tgz#779fb0018604fa854eacbf6252180d83543e3dbe"
  integrity sha1-d5+wAYYE+oVOrL9iUhgNg1Q+Pb4=
  dependencies:
    minimist "^1.2.0"

jsonpointer@^4.0.1:
  version "4.0.1"
  resolved "http://edge.artifactory.corp.yahoo.co.jp:8000/artifactory/api/npm/apj-npm/jsonpointer/-/jsonpointer-4.0.1.tgz#4fd92cb34e0e9db3c89c8622ecf51f9b978c6cb9"
  integrity sha1-T9kss04OnbPInIYi7PUfm5eMbLk=

jsonwebtoken@^8.2.1:
  version "8.5.1"
  resolved "http://edge.artifactory.corp.yahoo.co.jp:8000/artifactory/api/npm/apj-npm/jsonwebtoken/-/jsonwebtoken-8.5.1.tgz#00e71e0b8df54c2121a1f26137df2280673bcc0d"
  integrity sha1-AOceC431TCEhofJhN98igGc7zA0=
  dependencies:
    jws "^3.2.2"
    lodash.includes "^4.3.0"
    lodash.isboolean "^3.0.3"
    lodash.isinteger "^4.0.4"
    lodash.isnumber "^3.0.3"
    lodash.isplainobject "^4.0.6"
    lodash.isstring "^4.0.1"
    lodash.once "^4.0.0"
    ms "^2.1.1"
    semver "^5.6.0"

jwa@^1.4.1:
  version "1.4.1"
  resolved "http://edge.artifactory.corp.yahoo.co.jp:8000/artifactory/api/npm/apj-npm/jwa/-/jwa-1.4.1.tgz#743c32985cb9e98655530d53641b66c8645b039a"
  integrity sha1-dDwymFy56YZVUw1TZBtmyGRbA5o=
  dependencies:
    buffer-equal-constant-time "1.0.1"
    ecdsa-sig-formatter "1.0.11"
    safe-buffer "^5.0.1"

jws@^3.2.2:
  version "3.2.2"
  resolved "http://edge.artifactory.corp.yahoo.co.jp:8000/artifactory/api/npm/apj-npm/jws/-/jws-3.2.2.tgz#001099f3639468c9414000e99995fa52fb478304"
  integrity sha1-ABCZ82OUaMlBQADpmZX6UvtHgwQ=
  dependencies:
    jwa "^1.4.1"
    safe-buffer "^5.0.1"

lcid@^2.0.0:
  version "2.0.0"
  resolved "http://edge.artifactory.corp.yahoo.co.jp:8000/artifactory/api/npm/apj-npm/lcid/-/lcid-2.0.0.tgz#6ef5d2df60e52f82eb228a4c373e8d1f397253cf"
  integrity sha1-bvXS32DlL4LrIopMNz6NHzlyU88=
  dependencies:
    invert-kv "^2.0.0"

locate-path@^2.0.0:
  version "2.0.0"
  resolved "http://edge.artifactory.corp.yahoo.co.jp:8000/artifactory/api/npm/apj-npm/locate-path/-/locate-path-2.0.0.tgz#2b568b265eec944c6d9c0de9c3dbbbca0354cd8e"
  integrity sha1-K1aLJl7slExtnA3pw9u7ygNUzY4=
  dependencies:
    p-locate "^2.0.0"
    path-exists "^3.0.0"

lodash.find@^4.6.0:
  version "4.6.0"
  resolved "http://edge.artifactory.corp.yahoo.co.jp:8000/artifactory/api/npm/apj-npm/lodash.find/-/lodash.find-4.6.0.tgz#cb0704d47ab71789ffa0de8b97dd926fb88b13b1"
  integrity sha1-ywcE1Hq3F4n/oN6Ll92Sb7iLE7E=

lodash.includes@^4.3.0:
  version "4.3.0"
  resolved "http://edge.artifactory.corp.yahoo.co.jp:8000/artifactory/api/npm/apj-npm/lodash.includes/-/lodash.includes-4.3.0.tgz#60bb98a87cb923c68ca1e51325483314849f553f"
  integrity sha1-YLuYqHy5I8aMoeUTJUgzFISfVT8=

lodash.isboolean@^3.0.3:
  version "3.0.3"
  resolved "http://edge.artifactory.corp.yahoo.co.jp:8000/artifactory/api/npm/apj-npm/lodash.isboolean/-/lodash.isboolean-3.0.3.tgz#6c2e171db2a257cd96802fd43b01b20d5f5870f6"
  integrity sha1-bC4XHbKiV82WgC/UOwGyDV9YcPY=

lodash.isinteger@^4.0.4:
  version "4.0.4"
  resolved "http://edge.artifactory.corp.yahoo.co.jp:8000/artifactory/api/npm/apj-npm/lodash.isinteger/-/lodash.isinteger-4.0.4.tgz#619c0af3d03f8b04c31f5882840b77b11cd68343"
  integrity sha1-YZwK89A/iwTDH1iChAt3sRzWg0M=

lodash.isnumber@^3.0.3:
  version "3.0.3"
  resolved "http://edge.artifactory.corp.yahoo.co.jp:8000/artifactory/api/npm/apj-npm/lodash.isnumber/-/lodash.isnumber-3.0.3.tgz#3ce76810c5928d03352301ac287317f11c0b1ffc"
  integrity sha1-POdoEMWSjQM1IwGsKHMX8RwLH/w=

lodash.isobject@^3.0.2:
  version "3.0.2"
  resolved "http://edge.artifactory.corp.yahoo.co.jp:8000/artifactory/api/npm/apj-npm/lodash.isobject/-/lodash.isobject-3.0.2.tgz#3c8fb8d5b5bf4bf90ae06e14f2a530a4ed935e1d"
  integrity sha1-PI+41bW/S/kK4G4U8qUwpO2TXh0=

lodash.isplainobject@^4.0.6:
  version "4.0.6"
  resolved "http://edge.artifactory.corp.yahoo.co.jp:8000/artifactory/api/npm/apj-npm/lodash.isplainobject/-/lodash.isplainobject-4.0.6.tgz#7c526a52d89b45c45cc690b88163be0497f550cb"
  integrity sha1-fFJqUtibRcRcxpC4gWO+BJf1UMs=

lodash.isstring@^4.0.1:
  version "4.0.1"
  resolved "http://edge.artifactory.corp.yahoo.co.jp:8000/artifactory/api/npm/apj-npm/lodash.isstring/-/lodash.isstring-4.0.1.tgz#d527dfb5456eca7cc9bb95d5daeaf88ba54a5451"
  integrity sha1-1SfftUVuynzJu5XV2ur4i6VKVFE=

lodash.keys@^4.0.8:
  version "4.2.0"
  resolved "http://edge.artifactory.corp.yahoo.co.jp:8000/artifactory/api/npm/apj-npm/lodash.keys/-/lodash.keys-4.2.0.tgz#a08602ac12e4fb83f91fc1fb7a360a4d9ba35205"
  integrity sha1-oIYCrBLk+4P5H8H7ejYKTZujUgU=

lodash.once@^4.0.0:
  version "4.1.1"
  resolved "http://edge.artifactory.corp.yahoo.co.jp:8000/artifactory/api/npm/apj-npm/lodash.once/-/lodash.once-4.1.1.tgz#0dd3971213c7c56df880977d504c88fb471a97ac"
  integrity sha1-DdOXEhPHxW34gJd9UEyI+0cal6w=

lodash@^4.17.4:
  version "4.17.15"
  resolved "http://edge.artifactory.corp.yahoo.co.jp:8000/artifactory/api/npm/apj-npm/lodash/-/lodash-4.17.15.tgz#b447f6670a0455bbfeedd11392eff330ea097548"
  integrity sha1-tEf2ZwoEVbv+7dETku/zMOoJdUg=

macos-release@^2.2.0:
  version "2.3.0"
  resolved "http://edge.artifactory.corp.yahoo.co.jp:8000/artifactory/api/npm/apj-npm/macos-release/-/macos-release-2.3.0.tgz#eb1930b036c0800adebccd5f17bc4c12de8bb71f"
  integrity sha1-6xkwsDbAgArevM1fF7xMEt6Ltx8=

map-age-cleaner@^0.1.1:
  version "0.1.3"
  resolved "http://edge.artifactory.corp.yahoo.co.jp:8000/artifactory/api/npm/apj-npm/map-age-cleaner/-/map-age-cleaner-0.1.3.tgz#7d583a7306434c055fe474b0f45078e6e1b4b92a"
  integrity sha1-fVg6cwZDTAVf5HSw9FB45uG0uSo=
  dependencies:
    p-defer "^1.0.0"

mem@^4.0.0:
  version "4.3.0"
  resolved "http://edge.artifactory.corp.yahoo.co.jp:8000/artifactory/api/npm/apj-npm/mem/-/mem-4.3.0.tgz#461af497bc4ae09608cdb2e60eefb69bff744178"
  integrity sha1-Rhr0l7xK4JYIzbLmDu+2m/90QXg=
  dependencies:
    map-age-cleaner "^0.1.1"
    mimic-fn "^2.0.0"
    p-is-promise "^2.0.0"

mimic-fn@^2.0.0:
  version "2.1.0"
  resolved "http://edge.artifactory.corp.yahoo.co.jp:8000/artifactory/api/npm/apj-npm/mimic-fn/-/mimic-fn-2.1.0.tgz#7ed2c2ccccaf84d3ffcb7a69b57711fc2083401b"
  integrity sha1-ftLCzMyvhNP/y3pptXcR/CCDQBs=

minimist@^1.2.0:
  version "1.2.0"
  resolved "http://edge.artifactory.corp.yahoo.co.jp:8000/artifactory/api/npm/apj-npm/minimist/-/minimist-1.2.0.tgz#a35008b20f41383eec1fb914f4cd5df79a264284"
  integrity sha1-o1AIsg9BOD7sH7kU9M1d95omQoQ=

ms@2.0.0:
  version "2.0.0"
  resolved "http://edge.artifactory.corp.yahoo.co.jp:8000/artifactory/api/npm/apj-npm/ms/-/ms-2.0.0.tgz#5608aeadfc00be6c2901df5f9861788de0d597c8"
  integrity sha1-VgiurfwAvmwpAd9fmGF4jeDVl8g=

ms@^2.1.1:
  version "2.1.2"
  resolved "http://edge.artifactory.corp.yahoo.co.jp:8000/artifactory/api/npm/apj-npm/ms/-/ms-2.1.2.tgz#d09d1f357b443f493382a8eb3ccd183872ae6009"
  integrity sha1-0J0fNXtEP0kzgqjrPM0YOHKuYAk=

nice-try@^1.0.4:
  version "1.0.5"
  resolved "http://edge.artifactory.corp.yahoo.co.jp:8000/artifactory/api/npm/apj-npm/nice-try/-/nice-try-1.0.5.tgz#a3378a7696ce7d223e88fc9b764bd7ef1089e366"
  integrity sha1-ozeKdpbOfSI+iPybdkvX7xCJ42Y=

node-cleanup@^2.1.2:
  version "2.1.2"
  resolved "http://edge.artifactory.corp.yahoo.co.jp:8000/artifactory/api/npm/apj-npm/node-cleanup/-/node-cleanup-2.1.2.tgz#7ac19abd297e09a7f72a71545d951b517e4dde2c"
  integrity sha1-esGavSl+Caf3KnFUXZUbUX5N3iw=

node-fetch@^2.1.1, node-fetch@^2.1.2:
  version "2.6.0"
  resolved "http://edge.artifactory.corp.yahoo.co.jp:8000/artifactory/api/npm/apj-npm/node-fetch/-/node-fetch-2.6.0.tgz#e633456386d4aa55863f676a7ab0daa8fdecb0fd"
  integrity sha1-5jNFY4bUqlWGP2dqerDaqP3ssP0=

npm-run-path@^2.0.0:
  version "2.0.2"
  resolved "http://edge.artifactory.corp.yahoo.co.jp:8000/artifactory/api/npm/apj-npm/npm-run-path/-/npm-run-path-2.0.2.tgz#35a9232dfa35d7067b4cb2ddf2357b1871536c5f"
  integrity sha1-NakjLfo11wZ7TLLd8jV7GHFTbF8=
  dependencies:
    path-key "^2.0.0"

number-is-nan@^1.0.0:
  version "1.0.1"
  resolved "http://edge.artifactory.corp.yahoo.co.jp:8000/artifactory/api/npm/apj-npm/number-is-nan/-/number-is-nan-1.0.1.tgz#097b602b53422a522c1afb8790318336941a011d"
  integrity sha1-CXtgK1NCKlIsGvuHkDGDNpQaAR0=

once@^1.3.1, once@^1.4.0:
  version "1.4.0"
  resolved "http://edge.artifactory.corp.yahoo.co.jp:8000/artifactory/api/npm/apj-npm/once/-/once-1.4.0.tgz#583b1aa775961d4b113ac17d9c50baef9dd76bd1"
  integrity sha1-WDsap3WWHUsROsF9nFC6753Xa9E=
  dependencies:
    wrappy "1"

os-locale@^3.1.0:
  version "3.1.0"
  resolved "http://edge.artifactory.corp.yahoo.co.jp:8000/artifactory/api/npm/apj-npm/os-locale/-/os-locale-3.1.0.tgz#a802a6ee17f24c10483ab9935719cef4ed16bf1a"
  integrity sha1-qAKm7hfyTBBIOrmTVxnO9O0Wvxo=
  dependencies:
    execa "^1.0.0"
    lcid "^2.0.0"
    mem "^4.0.0"

os-name@^3.0.0:
  version "3.1.0"
  resolved "http://edge.artifactory.corp.yahoo.co.jp:8000/artifactory/api/npm/apj-npm/os-name/-/os-name-3.1.0.tgz#dec19d966296e1cd62d701a5a66ee1ddeae70801"
  integrity sha1-3sGdlmKW4c1i1wGlpm7h3ernCAE=
  dependencies:
    macos-release "^2.2.0"
    windows-release "^3.1.0"

p-defer@^1.0.0:
  version "1.0.0"
  resolved "http://edge.artifactory.corp.yahoo.co.jp:8000/artifactory/api/npm/apj-npm/p-defer/-/p-defer-1.0.0.tgz#9f6eb182f6c9aa8cd743004a7d4f96b196b0fb0c"
  integrity sha1-n26xgvbJqozXQwBKfU+WsZaw+ww=

p-finally@^1.0.0:
  version "1.0.0"
  resolved "http://edge.artifactory.corp.yahoo.co.jp:8000/artifactory/api/npm/apj-npm/p-finally/-/p-finally-1.0.0.tgz#3fbcfb15b899a44123b34b6dcc18b724336a2cae"
  integrity sha1-P7z7FbiZpEEjs0ttzBi3JDNqLK4=

p-is-promise@^2.0.0:
  version "2.1.0"
  resolved "http://edge.artifactory.corp.yahoo.co.jp:8000/artifactory/api/npm/apj-npm/p-is-promise/-/p-is-promise-2.1.0.tgz#918cebaea248a62cf7ffab8e3bca8c5f882fc42e"
  integrity sha1-kYzrrqJIpiz3/6uOO8qMX4gvxC4=

p-limit@^1.1.0, p-limit@^1.2.0:
  version "1.3.0"
  resolved "http://edge.artifactory.corp.yahoo.co.jp:8000/artifactory/api/npm/apj-npm/p-limit/-/p-limit-1.3.0.tgz#b86bd5f0c25690911c7590fcbfc2010d54b3ccb8"
  integrity sha1-uGvV8MJWkJEcdZD8v8IBDVSzzLg=
  dependencies:
    p-try "^1.0.0"

p-locate@^2.0.0:
  version "2.0.0"
  resolved "http://edge.artifactory.corp.yahoo.co.jp:8000/artifactory/api/npm/apj-npm/p-locate/-/p-locate-2.0.0.tgz#20a0103b222a70c8fd39cc2e580680f3dde5ec43"
  integrity sha1-IKAQOyIqcMj9OcwuWAaA893l7EM=
  dependencies:
    p-limit "^1.1.0"

p-try@^1.0.0:
  version "1.0.0"
  resolved "http://edge.artifactory.corp.yahoo.co.jp:8000/artifactory/api/npm/apj-npm/p-try/-/p-try-1.0.0.tgz#cbc79cdbaf8fd4228e13f621f2b1a237c1b207b3"
  integrity sha1-y8ec26+P1CKOE/Yh8rGiN8GyB7M=

parse-diff@^0.4.2:
  version "0.4.2"
  resolved "http://edge.artifactory.corp.yahoo.co.jp:8000/artifactory/api/npm/apj-npm/parse-diff/-/parse-diff-0.4.2.tgz#b173390e916564e8c70ccd37756047941e5b3ef2"
  integrity sha1-sXM5DpFlZOjHDM03dWBHlB5bPvI=

parse-git-config@^2.0.2:
  version "2.0.3"
  resolved "http://edge.artifactory.corp.yahoo.co.jp:8000/artifactory/api/npm/apj-npm/parse-git-config/-/parse-git-config-2.0.3.tgz#6fb840d4a956e28b971c97b33a5deb73a6d5b6bb"
  integrity sha1-b7hA1KlW4ouXHJezOl3rc6bVtrs=
  dependencies:
    expand-tilde "^2.0.2"
    git-config-path "^1.0.1"
    ini "^1.3.5"

parse-github-url@^1.0.2:
  version "1.0.2"
  resolved "http://edge.artifactory.corp.yahoo.co.jp:8000/artifactory/api/npm/apj-npm/parse-github-url/-/parse-github-url-1.0.2.tgz#242d3b65cbcdda14bb50439e3242acf6971db395"
  integrity sha1-JC07ZcvN2hS7UEOeMkKs9pcds5U=

parse-link-header@^1.0.1:
  version "1.0.1"
  resolved "http://edge.artifactory.corp.yahoo.co.jp:8000/artifactory/api/npm/apj-npm/parse-link-header/-/parse-link-header-1.0.1.tgz#bedfe0d2118aeb84be75e7b025419ec8a61140a7"
  integrity sha1-vt/g0hGK64S+deewJUGeyKYRQKc=
  dependencies:
    xtend "~4.0.1"

parse-passwd@^1.0.0:
  version "1.0.0"
  resolved "http://edge.artifactory.corp.yahoo.co.jp:8000/artifactory/api/npm/apj-npm/parse-passwd/-/parse-passwd-1.0.0.tgz#6d5b934a456993b23d37f40a382d6f1666a8e5c6"
  integrity sha1-bVuTSkVpk7I9N/QKOC1vFmao5cY=

path-exists@^3.0.0:
  version "3.0.0"
  resolved "http://edge.artifactory.corp.yahoo.co.jp:8000/artifactory/api/npm/apj-npm/path-exists/-/path-exists-3.0.0.tgz#ce0ebeaa5f78cb18925ea7d810d7b59b010fd515"
  integrity sha1-zg6+ql94yxiSXqfYENe1mwEP1RU=

path-key@^2.0.0, path-key@^2.0.1:
  version "2.0.1"
  resolved "http://edge.artifactory.corp.yahoo.co.jp:8000/artifactory/api/npm/apj-npm/path-key/-/path-key-2.0.1.tgz#411cadb574c5a140d3a4b1910d40d80cc9f40b40"
  integrity sha1-QRyttXTFoUDTpLGRDUDYDMn0C0A=

pinpoint@^1.1.0:
  version "1.1.0"
  resolved "http://edge.artifactory.corp.yahoo.co.jp:8000/artifactory/api/npm/apj-npm/pinpoint/-/pinpoint-1.1.0.tgz#0cf7757a6977f1bf7f6a32207b709e377388e874"
  integrity sha1-DPd1eml38b9/ajIge3CeN3OI6HQ=

pump@^3.0.0:
  version "3.0.0"
  resolved "http://edge.artifactory.corp.yahoo.co.jp:8000/artifactory/api/npm/apj-npm/pump/-/pump-3.0.0.tgz#b4a2116815bde2f4e1ea602354e8c75565107a64"
  integrity sha1-tKIRaBW94vTh6mAjVOjHVWUQemQ=
  dependencies:
    end-of-stream "^1.1.0"
    once "^1.3.1"

readline-sync@^1.4.9:
  version "1.4.10"
  resolved "http://edge.artifactory.corp.yahoo.co.jp:8000/artifactory/api/npm/apj-npm/readline-sync/-/readline-sync-1.4.10.tgz#41df7fbb4b6312d673011594145705bf56d8873b"
  integrity sha1-Qd9/u0tjEtZzARWUFFcFv1bYhzs=

regenerator-runtime@^0.10.5:
  version "0.10.5"
  resolved "http://edge.artifactory.corp.yahoo.co.jp:8000/artifactory/api/npm/apj-npm/regenerator-runtime/-/regenerator-runtime-0.10.5.tgz#336c3efc1220adcedda2c9fab67b5a7955a33658"
  integrity sha1-M2w+/BIgrc7dosn6tntaeVWjNlg=

regenerator-runtime@^0.11.0:
  version "0.11.1"
  resolved "http://edge.artifactory.corp.yahoo.co.jp:8000/artifactory/api/npm/apj-npm/regenerator-runtime/-/regenerator-runtime-0.11.1.tgz#be05ad7f9bf7d22e056f9726cee5017fbf19e2e9"
  integrity sha1-vgWtf5v30i4Fb5cmzuUBf78Z4uk=

require-directory@^2.1.1:
  version "2.1.1"
  resolved "http://edge.artifactory.corp.yahoo.co.jp:8000/artifactory/api/npm/apj-npm/require-directory/-/require-directory-2.1.1.tgz#8c64ad5fd30dab1c976e2344ffe7f792a6a6df42"
  integrity sha1-jGStX9MNqxyXbiNE/+f3kqam30I=

require-from-string@^2.0.2:
  version "2.0.2"
  resolved "http://edge.artifactory.corp.yahoo.co.jp:8000/artifactory/api/npm/apj-npm/require-from-string/-/require-from-string-2.0.2.tgz#89a7fdd938261267318eafe14f9c32e598c36909"
  integrity sha1-iaf92TgmEmcxjq/hT5wy5ZjDaQk=

require-main-filename@^1.0.1:
  version "1.0.1"
  resolved "http://edge.artifactory.corp.yahoo.co.jp:8000/artifactory/api/npm/apj-npm/require-main-filename/-/require-main-filename-1.0.1.tgz#97f717b69d48784f5f526a6c5aa8ffdda055a4d1"
  integrity sha1-l/cXtp1IeE9fUmpsWqj/3aBVpNE=

rfc6902@^2.2.2:
  version "2.4.0"
  resolved "http://edge.artifactory.corp.yahoo.co.jp:8000/artifactory/api/npm/apj-npm/rfc6902/-/rfc6902-2.4.0.tgz#da188888602ce4fa0c36a5202b26b71a5184422a"
  integrity sha1-2hiIiGAs5PoMNqUgKya3GlGEQio=

safe-buffer@^5.0.1:
  version "5.2.0"
  resolved "http://edge.artifactory.corp.yahoo.co.jp:8000/artifactory/api/npm/apj-npm/safe-buffer/-/safe-buffer-5.2.0.tgz#b74daec49b1148f88c64b68d49b1e815c1f2f519"
  integrity sha1-t02uxJsRSPiMZLaNSbHoFcHy9Rk=

semver@^5.5.0, semver@^5.6.0:
  version "5.7.1"
  resolved "http://edge.artifactory.corp.yahoo.co.jp:8000/artifactory/api/npm/apj-npm/semver/-/semver-5.7.1.tgz#a954f931aeba508d307bbf069eff0c01c96116f7"
  integrity sha1-qVT5Ma66UI0we78Gnv8MAclhFvc=

set-blocking@^2.0.0:
  version "2.0.0"
  resolved "http://edge.artifactory.corp.yahoo.co.jp:8000/artifactory/api/npm/apj-npm/set-blocking/-/set-blocking-2.0.0.tgz#045f9782d011ae9a6803ddd382b24392b3d890f7"
  integrity sha1-BF+XgtARrppoA93TgrJDkrPYkPc=

shebang-command@^1.2.0:
  version "1.2.0"
  resolved "http://edge.artifactory.corp.yahoo.co.jp:8000/artifactory/api/npm/apj-npm/shebang-command/-/shebang-command-1.2.0.tgz#44aac65b695b03398968c39f363fee5deafdf1ea"
  integrity sha1-RKrGW2lbAzmJaMOfNj/uXer98eo=
  dependencies:
    shebang-regex "^1.0.0"

shebang-regex@^1.0.0:
  version "1.0.0"
  resolved "http://edge.artifactory.corp.yahoo.co.jp:8000/artifactory/api/npm/apj-npm/shebang-regex/-/shebang-regex-1.0.0.tgz#da42f49740c0b42db2ca9728571cb190c98efea3"
  integrity sha1-2kL0l0DAtC2yypcoVxyxkMmO/qM=

signal-exit@^3.0.0:
  version "3.0.2"
  resolved "http://edge.artifactory.corp.yahoo.co.jp:8000/artifactory/api/npm/apj-npm/signal-exit/-/signal-exit-3.0.2.tgz#b5fdc08f1287ea1178628e415e25132b73646c6d"
  integrity sha1-tf3AjxKH6hF4Yo5BXiUTK3NkbG0=

string-width@^1.0.1:
  version "1.0.2"
  resolved "http://edge.artifactory.corp.yahoo.co.jp:8000/artifactory/api/npm/apj-npm/string-width/-/string-width-1.0.2.tgz#118bdf5b8cdc51a2a7e70d211e07e2b0b9b107d3"
  integrity sha1-EYvfW4zcUaKn5w0hHgfisLmxB9M=
  dependencies:
    code-point-at "^1.0.0"
    is-fullwidth-code-point "^1.0.0"
    strip-ansi "^3.0.0"

string-width@^2.0.0, string-width@^2.1.1:
  version "2.1.1"
  resolved "http://edge.artifactory.corp.yahoo.co.jp:8000/artifactory/api/npm/apj-npm/string-width/-/string-width-2.1.1.tgz#ab93f27a8dc13d28cac815c462143a6d9012ae9e"
  integrity sha1-q5Pyeo3BPSjKyBXEYhQ6bZASrp4=
  dependencies:
    is-fullwidth-code-point "^2.0.0"
    strip-ansi "^4.0.0"

strip-ansi@^3.0.0, strip-ansi@^3.0.1:
  version "3.0.1"
  resolved "http://edge.artifactory.corp.yahoo.co.jp:8000/artifactory/api/npm/apj-npm/strip-ansi/-/strip-ansi-3.0.1.tgz#6a385fb8853d952d5ff05d0e8aaf94278dc63dcf"
  integrity sha1-ajhfuIU9lS1f8F0Oiq+UJ43GPc8=
  dependencies:
    ansi-regex "^2.0.0"

strip-ansi@^4.0.0:
  version "4.0.0"
  resolved "http://edge.artifactory.corp.yahoo.co.jp:8000/artifactory/api/npm/apj-npm/strip-ansi/-/strip-ansi-4.0.0.tgz#a8479022eb1ac368a871389b635262c505ee368f"
  integrity sha1-qEeQIusaw2iocTibY1JixQXuNo8=
  dependencies:
    ansi-regex "^3.0.0"

strip-eof@^1.0.0:
  version "1.0.0"
  resolved "http://edge.artifactory.corp.yahoo.co.jp:8000/artifactory/api/npm/apj-npm/strip-eof/-/strip-eof-1.0.0.tgz#bb43ff5598a6eb05d89b59fcd129c983313606bf"
  integrity sha1-u0P/VZim6wXYm1n80SnJgzE2Br8=

supports-color@^5.0.0, supports-color@^5.3.0:
  version "5.5.0"
  resolved "http://edge.artifactory.corp.yahoo.co.jp:8000/artifactory/api/npm/apj-npm/supports-color/-/supports-color-5.5.0.tgz#e2e69a44ac8772f78a1ec0b35b689df6530efc8f"
  integrity sha1-4uaaRKyHcveKHsCzW2id9lMO/I8=
  dependencies:
    has-flag "^3.0.0"

supports-hyperlinks@^1.0.1:
  version "1.0.1"
  resolved "http://edge.artifactory.corp.yahoo.co.jp:8000/artifactory/api/npm/apj-npm/supports-hyperlinks/-/supports-hyperlinks-1.0.1.tgz#71daedf36cc1060ac5100c351bb3da48c29c0ef7"
  integrity sha1-cdrt82zBBgrFEAw1G7PaSMKcDvc=
  dependencies:
    has-flag "^2.0.0"
    supports-color "^5.0.0"

universal-user-agent@^2.0.0:
  version "2.1.0"
  resolved "http://edge.artifactory.corp.yahoo.co.jp:8000/artifactory/api/npm/apj-npm/universal-user-agent/-/universal-user-agent-2.1.0.tgz#5abfbcc036a1ba490cb941f8fd68c46d3669e8e4"
  integrity sha1-Wr+8wDahukkMuUH4/WjEbTZp6OQ=
  dependencies:
    os-name "^3.0.0"

url-template@^2.0.8:
  version "2.0.8"
  resolved "http://edge.artifactory.corp.yahoo.co.jp:8000/artifactory/api/npm/apj-npm/url-template/-/url-template-2.0.8.tgz#fc565a3cccbff7730c775f5641f9555791439f21"
  integrity sha1-/FZaPMy/93MMd19WQflVV5FDnyE=

vm2@^3.6.0:
  version "3.8.4"
  resolved "http://edge.artifactory.corp.yahoo.co.jp:8000/artifactory/api/npm/apj-npm/vm2/-/vm2-3.8.4.tgz#882be9135467942d84d1af80b6e6549b57c69041"
  integrity sha1-iCvpE1RnlC2E0a+AtuZUm1fGkEE=

voca@^1.4.0:
  version "1.4.0"
  resolved "http://edge.artifactory.corp.yahoo.co.jp:8000/artifactory/api/npm/apj-npm/voca/-/voca-1.4.0.tgz#e15ac58b38290b72acc0c330366b6cc7984924d7"
  integrity sha1-4VrFizgpC3KswMMwNmtsx5hJJNc=

which-module@^2.0.0:
  version "2.0.0"
  resolved "http://edge.artifactory.corp.yahoo.co.jp:8000/artifactory/api/npm/apj-npm/which-module/-/which-module-2.0.0.tgz#d9ef07dce77b9902b8a3a8fa4b31c3e3f7e6e87a"
  integrity sha1-2e8H3Od7mQK4o6j6SzHD4/fm6Ho=

which@^1.2.9:
  version "1.3.1"
  resolved "http://edge.artifactory.corp.yahoo.co.jp:8000/artifactory/api/npm/apj-npm/which/-/which-1.3.1.tgz#a45043d54f5805316da8d62f9f50918d3da70b0a"
  integrity sha1-pFBD1U9YBTFtqNYvn1CRjT2nCwo=
  dependencies:
    isexe "^2.0.0"

windows-release@^3.1.0:
  version "3.2.0"
  resolved "http://edge.artifactory.corp.yahoo.co.jp:8000/artifactory/api/npm/apj-npm/windows-release/-/windows-release-3.2.0.tgz#8122dad5afc303d833422380680a79cdfa91785f"
  integrity sha1-gSLa1a/DA9gzQiOAaAp5zfqReF8=
  dependencies:
    execa "^1.0.0"

wrap-ansi@^2.0.0:
  version "2.1.0"
  resolved "http://edge.artifactory.corp.yahoo.co.jp:8000/artifactory/api/npm/apj-npm/wrap-ansi/-/wrap-ansi-2.1.0.tgz#d8fc3d284dd05794fe84973caecdd1cf824fdd85"
  integrity sha1-2Pw9KE3QV5T+hJc8rs3Rz4JP3YU=
  dependencies:
    string-width "^1.0.1"
    strip-ansi "^3.0.1"

wrappy@1:
  version "1.0.2"
  resolved "http://edge.artifactory.corp.yahoo.co.jp:8000/artifactory/api/npm/apj-npm/wrappy/-/wrappy-1.0.2.tgz#b5243d8f3ec1aa35f1364605bc0d1036e30ab69f"
  integrity sha1-tSQ9jz7BqjXxNkYFvA0QNuMKtp8=

xtend@~4.0.1:
  version "4.0.2"
  resolved "http://edge.artifactory.corp.yahoo.co.jp:8000/artifactory/api/npm/apj-npm/xtend/-/xtend-4.0.2.tgz#bb72779f5fa465186b1f438f674fa347fdb5db54"
  integrity sha1-u3J3n1+kZRhrH0OPZ0+jR/2121Q=

y18n@^3.2.1:
  version "3.2.1"
  resolved "http://edge.artifactory.corp.yahoo.co.jp:8000/artifactory/api/npm/apj-npm/y18n/-/y18n-3.2.1.tgz#6d15fba884c08679c0d77e88e7759e811e07fa41"
  integrity sha1-bRX7qITAhnnA136I53WegR4H+kE=

yargs-parser@^9.0.2:
  version "9.0.2"
  resolved "http://edge.artifactory.corp.yahoo.co.jp:8000/artifactory/api/npm/apj-npm/yargs-parser/-/yargs-parser-9.0.2.tgz#9ccf6a43460fe4ed40a9bb68f48d43b8a68cc077"
  integrity sha1-nM9qQ0YP5O1Aqbto9I1DuKaMwHc=
  dependencies:
    camelcase "^4.1.0"

yargs@^11.0.0:
  version "11.1.1"
  resolved "http://edge.artifactory.corp.yahoo.co.jp:8000/artifactory/api/npm/apj-npm/yargs/-/yargs-11.1.1.tgz#5052efe3446a4df5ed669c995886cc0f13702766"
  integrity sha1-UFLv40RqTfXtZpyZWIbMDxNwJ2Y=
  dependencies:
    cliui "^4.0.0"
    decamelize "^1.1.1"
    find-up "^2.1.0"
    get-caller-file "^1.0.1"
    os-locale "^3.1.0"
    require-directory "^2.1.1"
    require-main-filename "^1.0.1"
    set-blocking "^2.0.0"
    string-width "^2.0.0"
    which-module "^2.0.0"
    y18n "^3.2.1"
    yargs-parser "^9.0.2"
